// !$*UTF8*$!
{
	archiveVersion = 1;
	classes = {
	};
	objectVersion = 50;
	objects = {

/* Begin PBXBuildFile section */
		0A5DD43A26FA4C6D00A111A2 /* AppDelegate.swift in Sources */ = {isa = PBXBuildFile; fileRef = 0A5DD43926FA4C6D00A111A2 /* AppDelegate.swift */; };
		0A5DD43D26FA4C6D00A111A2 /* Main.storyboard in Resources */ = {isa = PBXBuildFile; fileRef = 0A5DD43B26FA4C6D00A111A2 /* Main.storyboard */; };
		0A5DD43F26FA4C6D00A111A2 /* ViewController.swift in Sources */ = {isa = PBXBuildFile; fileRef = 0A5DD43E26FA4C6D00A111A2 /* ViewController.swift */; };
		0A5DD44126FA4C6E00A111A2 /* Assets.xcassets in Resources */ = {isa = PBXBuildFile; fileRef = 0A5DD44026FA4C6E00A111A2 /* Assets.xcassets */; };
		0A5DD44826FA4C6F00A111A2 /* DarkCoffee Extension.appex in Embed App Extensions */ = {isa = PBXBuildFile; fileRef = 0A5DD44726FA4C6F00A111A2 /* DarkCoffee Extension.appex */; settings = {ATTRIBUTES = (RemoveHeadersOnCopy, ); }; };
		0A5DD44D26FA4C6F00A111A2 /* Cocoa.framework in Frameworks */ = {isa = PBXBuildFile; fileRef = 0A5DD44C26FA4C6F00A111A2 /* Cocoa.framework */; };
		0A5DD45026FA4C6F00A111A2 /* SafariExtensionHandler.swift in Sources */ = {isa = PBXBuildFile; fileRef = 0A5DD44F26FA4C6F00A111A2 /* SafariExtensionHandler.swift */; };
		0A5DD45226FA4C6F00A111A2 /* SafariExtensionViewController.swift in Sources */ = {isa = PBXBuildFile; fileRef = 0A5DD45126FA4C6F00A111A2 /* SafariExtensionViewController.swift */; };
		0A5DD45526FA4C6F00A111A2 /* script.js in Resources */ = {isa = PBXBuildFile; fileRef = 0A5DD45426FA4C6F00A111A2 /* script.js */; };
		0A5DD45726FA4C6F00A111A2 /* ToolbarItemIcon.pdf in Resources */ = {isa = PBXBuildFile; fileRef = 0A5DD45626FA4C6F00A111A2 /* ToolbarItemIcon.pdf */; };
		0A5DD45A26FA4C6F00A111A2 /* SafariExtensionViewController.xib in Resources */ = {isa = PBXBuildFile; fileRef = 0A5DD45826FA4C6F00A111A2 /* SafariExtensionViewController.xib */; };
		0A5DD46726FA52D700A111A2 /* style.css in Resources */ = {isa = PBXBuildFile; fileRef = 0A5DD46626FA52D700A111A2 /* style.css */; };
/* End PBXBuildFile section */

/* Begin PBXContainerItemProxy section */
		0A5DD44926FA4C6F00A111A2 /* PBXContainerItemProxy */ = {
			isa = PBXContainerItemProxy;
			containerPortal = 0A5DD42D26FA4C6D00A111A2 /* Project object */;
			proxyType = 1;
			remoteGlobalIDString = 0A5DD44626FA4C6F00A111A2;
			remoteInfo = "DarkCoffee Extension";
		};
/* End PBXContainerItemProxy section */

/* Begin PBXCopyFilesBuildPhase section */
		0A5DD46226FA4C6F00A111A2 /* Embed App Extensions */ = {
			isa = PBXCopyFilesBuildPhase;
			buildActionMask = 2147483647;
			dstPath = "";
			dstSubfolderSpec = 13;
			files = (
				0A5DD44826FA4C6F00A111A2 /* DarkCoffee Extension.appex in Embed App Extensions */,
			);
			name = "Embed App Extensions";
			runOnlyForDeploymentPostprocessing = 0;
		};
/* End PBXCopyFilesBuildPhase section */

/* Begin PBXFileReference section */
		0A5DD43526FA4C6D00A111A2 /* DarkCoffee.app */ = {isa = PBXFileReference; explicitFileType = wrapper.application; includeInIndex = 0; path = DarkCoffee.app; sourceTree = BUILT_PRODUCTS_DIR; };
		0A5DD43826FA4C6D00A111A2 /* DarkCoffee.entitlements */ = {isa = PBXFileReference; lastKnownFileType = text.plist.entitlements; path = DarkCoffee.entitlements; sourceTree = "<group>"; };
		0A5DD43926FA4C6D00A111A2 /* AppDelegate.swift */ = {isa = PBXFileReference; lastKnownFileType = sourcecode.swift; path = AppDelegate.swift; sourceTree = "<group>"; };
		0A5DD43C26FA4C6D00A111A2 /* Base */ = {isa = PBXFileReference; lastKnownFileType = file.storyboard; name = Base; path = Base.lproj/Main.storyboard; sourceTree = "<group>"; };
		0A5DD43E26FA4C6D00A111A2 /* ViewController.swift */ = {isa = PBXFileReference; lastKnownFileType = sourcecode.swift; path = ViewController.swift; sourceTree = "<group>"; };
		0A5DD44026FA4C6E00A111A2 /* Assets.xcassets */ = {isa = PBXFileReference; lastKnownFileType = folder.assetcatalog; path = Assets.xcassets; sourceTree = "<group>"; };
		0A5DD44226FA4C6E00A111A2 /* Info.plist */ = {isa = PBXFileReference; lastKnownFileType = text.plist.xml; path = Info.plist; sourceTree = "<group>"; };
		0A5DD44726FA4C6F00A111A2 /* DarkCoffee Extension.appex */ = {isa = PBXFileReference; explicitFileType = "wrapper.app-extension"; includeInIndex = 0; path = "DarkCoffee Extension.appex"; sourceTree = BUILT_PRODUCTS_DIR; };
		0A5DD44C26FA4C6F00A111A2 /* Cocoa.framework */ = {isa = PBXFileReference; lastKnownFileType = wrapper.framework; name = Cocoa.framework; path = System/Library/Frameworks/Cocoa.framework; sourceTree = SDKROOT; };
		0A5DD44F26FA4C6F00A111A2 /* SafariExtensionHandler.swift */ = {isa = PBXFileReference; lastKnownFileType = sourcecode.swift; path = SafariExtensionHandler.swift; sourceTree = "<group>"; };
		0A5DD45126FA4C6F00A111A2 /* SafariExtensionViewController.swift */ = {isa = PBXFileReference; lastKnownFileType = sourcecode.swift; path = SafariExtensionViewController.swift; sourceTree = "<group>"; };
		0A5DD45426FA4C6F00A111A2 /* script.js */ = {isa = PBXFileReference; lastKnownFileType = sourcecode.javascript; path = script.js; sourceTree = "<group>"; };
		0A5DD45626FA4C6F00A111A2 /* ToolbarItemIcon.pdf */ = {isa = PBXFileReference; lastKnownFileType = image.pdf; path = ToolbarItemIcon.pdf; sourceTree = "<group>"; };
		0A5DD45926FA4C6F00A111A2 /* Base */ = {isa = PBXFileReference; lastKnownFileType = file.xib; name = Base; path = Base.lproj/SafariExtensionViewController.xib; sourceTree = "<group>"; };
		0A5DD45B26FA4C6F00A111A2 /* Info.plist */ = {isa = PBXFileReference; lastKnownFileType = text.plist.xml; path = Info.plist; sourceTree = "<group>"; };
		0A5DD45C26FA4C6F00A111A2 /* DarkCoffee_Extension.entitlements */ = {isa = PBXFileReference; lastKnownFileType = text.plist.entitlements; path = DarkCoffee_Extension.entitlements; sourceTree = "<group>"; };
		0A5DD46626FA52D700A111A2 /* style.css */ = {isa = PBXFileReference; lastKnownFileType = text.css; path = style.css; sourceTree = "<group>"; };
/* End PBXFileReference section */

/* Begin PBXFrameworksBuildPhase section */
		0A5DD43226FA4C6D00A111A2 /* Frameworks */ = {
			isa = PBXFrameworksBuildPhase;
			buildActionMask = 2147483647;
			files = (
			);
			runOnlyForDeploymentPostprocessing = 0;
		};
		0A5DD44426FA4C6F00A111A2 /* Frameworks */ = {
			isa = PBXFrameworksBuildPhase;
			buildActionMask = 2147483647;
			files = (
				0A5DD44D26FA4C6F00A111A2 /* Cocoa.framework in Frameworks */,
			);
			runOnlyForDeploymentPostprocessing = 0;
		};
/* End PBXFrameworksBuildPhase section */

/* Begin PBXGroup section */
		0A5DD42C26FA4C6D00A111A2 = {
			isa = PBXGroup;
			children = (
				0A5DD43726FA4C6D00A111A2 /* DarkCoffee */,
				0A5DD44E26FA4C6F00A111A2 /* DarkCoffee Extension */,
				0A5DD44B26FA4C6F00A111A2 /* Frameworks */,
				0A5DD43626FA4C6D00A111A2 /* Products */,
			);
			sourceTree = "<group>";
		};
		0A5DD43626FA4C6D00A111A2 /* Products */ = {
			isa = PBXGroup;
			children = (
				0A5DD43526FA4C6D00A111A2 /* DarkCoffee.app */,
				0A5DD44726FA4C6F00A111A2 /* DarkCoffee Extension.appex */,
			);
			name = Products;
			sourceTree = "<group>";
		};
		0A5DD43726FA4C6D00A111A2 /* DarkCoffee */ = {
			isa = PBXGroup;
			children = (
				0A5DD43826FA4C6D00A111A2 /* DarkCoffee.entitlements */,
				0A5DD43926FA4C6D00A111A2 /* AppDelegate.swift */,
				0A5DD43B26FA4C6D00A111A2 /* Main.storyboard */,
				0A5DD43E26FA4C6D00A111A2 /* ViewController.swift */,
				0A5DD44026FA4C6E00A111A2 /* Assets.xcassets */,
				0A5DD44226FA4C6E00A111A2 /* Info.plist */,
			);
			path = DarkCoffee;
			sourceTree = "<group>";
		};
		0A5DD44B26FA4C6F00A111A2 /* Frameworks */ = {
			isa = PBXGroup;
			children = (
				0A5DD44C26FA4C6F00A111A2 /* Cocoa.framework */,
			);
			name = Frameworks;
			sourceTree = "<group>";
		};
		0A5DD44E26FA4C6F00A111A2 /* DarkCoffee Extension */ = {
			isa = PBXGroup;
			children = (
				0A5DD44F26FA4C6F00A111A2 /* SafariExtensionHandler.swift */,
				0A5DD45126FA4C6F00A111A2 /* SafariExtensionViewController.swift */,
				0A5DD45826FA4C6F00A111A2 /* SafariExtensionViewController.xib */,
				0A5DD45B26FA4C6F00A111A2 /* Info.plist */,
				0A5DD45C26FA4C6F00A111A2 /* DarkCoffee_Extension.entitlements */,
				0A5DD45326FA4C6F00A111A2 /* Resources */,
			);
			path = "DarkCoffee Extension";
			sourceTree = "<group>";
		};
		0A5DD45326FA4C6F00A111A2 /* Resources */ = {
			isa = PBXGroup;
			children = (
				0A5DD45426FA4C6F00A111A2 /* script.js */,
				0A5DD45626FA4C6F00A111A2 /* ToolbarItemIcon.pdf */,
				0A5DD46626FA52D700A111A2 /* style.css */,
			);
			path = Resources;
			sourceTree = "<group>";
		};
/* End PBXGroup section */

/* Begin PBXNativeTarget section */
		0A5DD43426FA4C6D00A111A2 /* DarkCoffee */ = {
			isa = PBXNativeTarget;
			buildConfigurationList = 0A5DD46326FA4C6F00A111A2 /* Build configuration list for PBXNativeTarget "DarkCoffee" */;
			buildPhases = (
				0A5DD43126FA4C6D00A111A2 /* Sources */,
				0A5DD43226FA4C6D00A111A2 /* Frameworks */,
				0A5DD43326FA4C6D00A111A2 /* Resources */,
				0A5DD46226FA4C6F00A111A2 /* Embed App Extensions */,
			);
			buildRules = (
			);
			dependencies = (
				0A5DD44A26FA4C6F00A111A2 /* PBXTargetDependency */,
			);
			name = DarkCoffee;
			productName = DarkCoffee;
			productReference = 0A5DD43526FA4C6D00A111A2 /* DarkCoffee.app */;
			productType = "com.apple.product-type.application";
		};
		0A5DD44626FA4C6F00A111A2 /* DarkCoffee Extension */ = {
			isa = PBXNativeTarget;
			buildConfigurationList = 0A5DD45F26FA4C6F00A111A2 /* Build configuration list for PBXNativeTarget "DarkCoffee Extension" */;
			buildPhases = (
				0A5DD44326FA4C6F00A111A2 /* Sources */,
				0A5DD44426FA4C6F00A111A2 /* Frameworks */,
				0A5DD44526FA4C6F00A111A2 /* Resources */,
			);
			buildRules = (
			);
			dependencies = (
			);
			name = "DarkCoffee Extension";
			productName = "DarkCoffee Extension";
			productReference = 0A5DD44726FA4C6F00A111A2 /* DarkCoffee Extension.appex */;
			productType = "com.apple.product-type.app-extension";
		};
/* End PBXNativeTarget section */

/* Begin PBXProject section */
		0A5DD42D26FA4C6D00A111A2 /* Project object */ = {
			isa = PBXProject;
			attributes = {
				LastSwiftUpdateCheck = 1250;
				LastUpgradeCheck = 1250;
				TargetAttributes = {
					0A5DD43426FA4C6D00A111A2 = {
						CreatedOnToolsVersion = 12.5;
					};
					0A5DD44626FA4C6F00A111A2 = {
						CreatedOnToolsVersion = 12.5;
					};
				};
			};
			buildConfigurationList = 0A5DD43026FA4C6D00A111A2 /* Build configuration list for PBXProject "DarkCoffee" */;
			compatibilityVersion = "Xcode 9.3";
			developmentRegion = en;
			hasScannedForEncodings = 0;
			knownRegions = (
				en,
				Base,
			);
			mainGroup = 0A5DD42C26FA4C6D00A111A2;
			productRefGroup = 0A5DD43626FA4C6D00A111A2 /* Products */;
			projectDirPath = "";
			projectRoot = "";
			targets = (
				0A5DD43426FA4C6D00A111A2 /* DarkCoffee */,
				0A5DD44626FA4C6F00A111A2 /* DarkCoffee Extension */,
			);
		};
/* End PBXProject section */

/* Begin PBXResourcesBuildPhase section */
		0A5DD43326FA4C6D00A111A2 /* Resources */ = {
			isa = PBXResourcesBuildPhase;
			buildActionMask = 2147483647;
			files = (
				0A5DD44126FA4C6E00A111A2 /* Assets.xcassets in Resources */,
				0A5DD43D26FA4C6D00A111A2 /* Main.storyboard in Resources */,
			);
			runOnlyForDeploymentPostprocessing = 0;
		};
		0A5DD44526FA4C6F00A111A2 /* Resources */ = {
			isa = PBXResourcesBuildPhase;
			buildActionMask = 2147483647;
			files = (
				0A5DD45A26FA4C6F00A111A2 /* SafariExtensionViewController.xib in Resources */,
				0A5DD46726FA52D700A111A2 /* style.css in Resources */,
				0A5DD45726FA4C6F00A111A2 /* ToolbarItemIcon.pdf in Resources */,
				0A5DD45526FA4C6F00A111A2 /* script.js in Resources */,
			);
			runOnlyForDeploymentPostprocessing = 0;
		};
/* End PBXResourcesBuildPhase section */

/* Begin PBXSourcesBuildPhase section */
		0A5DD43126FA4C6D00A111A2 /* Sources */ = {
			isa = PBXSourcesBuildPhase;
			buildActionMask = 2147483647;
			files = (
				0A5DD43F26FA4C6D00A111A2 /* ViewController.swift in Sources */,
				0A5DD43A26FA4C6D00A111A2 /* AppDelegate.swift in Sources */,
			);
			runOnlyForDeploymentPostprocessing = 0;
		};
		0A5DD44326FA4C6F00A111A2 /* Sources */ = {
			isa = PBXSourcesBuildPhase;
			buildActionMask = 2147483647;
			files = (
				0A5DD45226FA4C6F00A111A2 /* SafariExtensionViewController.swift in Sources */,
				0A5DD45026FA4C6F00A111A2 /* SafariExtensionHandler.swift in Sources */,
			);
			runOnlyForDeploymentPostprocessing = 0;
		};
/* End PBXSourcesBuildPhase section */

/* Begin PBXTargetDependency section */
		0A5DD44A26FA4C6F00A111A2 /* PBXTargetDependency */ = {
			isa = PBXTargetDependency;
			target = 0A5DD44626FA4C6F00A111A2 /* DarkCoffee Extension */;
			targetProxy = 0A5DD44926FA4C6F00A111A2 /* PBXContainerItemProxy */;
		};
/* End PBXTargetDependency section */

/* Begin PBXVariantGroup section */
		0A5DD43B26FA4C6D00A111A2 /* Main.storyboard */ = {
			isa = PBXVariantGroup;
			children = (
				0A5DD43C26FA4C6D00A111A2 /* Base */,
			);
			name = Main.storyboard;
			sourceTree = "<group>";
		};
		0A5DD45826FA4C6F00A111A2 /* SafariExtensionViewController.xib */ = {
			isa = PBXVariantGroup;
			children = (
				0A5DD45926FA4C6F00A111A2 /* Base */,
			);
			name = SafariExtensionViewController.xib;
			sourceTree = "<group>";
		};
/* End PBXVariantGroup section */

/* Begin XCBuildConfiguration section */
		0A5DD45D26FA4C6F00A111A2 /* Debug */ = {
			isa = XCBuildConfiguration;
			buildSettings = {
				ALWAYS_SEARCH_USER_PATHS = NO;
				CLANG_ANALYZER_NONNULL = YES;
				CLANG_ANALYZER_NUMBER_OBJECT_CONVERSION = YES_AGGRESSIVE;
				CLANG_CXX_LANGUAGE_STANDARD = "gnu++14";
				CLANG_CXX_LIBRARY = "libc++";
				CLANG_ENABLE_MODULES = YES;
				CLANG_ENABLE_OBJC_ARC = YES;
				CLANG_ENABLE_OBJC_WEAK = YES;
				CLANG_WARN_BLOCK_CAPTURE_AUTORELEASING = YES;
				CLANG_WARN_BOOL_CONVERSION = YES;
				CLANG_WARN_COMMA = YES;
				CLANG_WARN_CONSTANT_CONVERSION = YES;
				CLANG_WARN_DEPRECATED_OBJC_IMPLEMENTATIONS = YES;
				CLANG_WARN_DIRECT_OBJC_ISA_USAGE = YES_ERROR;
				CLANG_WARN_DOCUMENTATION_COMMENTS = YES;
				CLANG_WARN_EMPTY_BODY = YES;
				CLANG_WARN_ENUM_CONVERSION = YES;
				CLANG_WARN_INFINITE_RECURSION = YES;
				CLANG_WARN_INT_CONVERSION = YES;
				CLANG_WARN_NON_LITERAL_NULL_CONVERSION = YES;
				CLANG_WARN_OBJC_IMPLICIT_RETAIN_SELF = YES;
				CLANG_WARN_OBJC_LITERAL_CONVERSION = YES;
				CLANG_WARN_OBJC_ROOT_CLASS = YES_ERROR;
				CLANG_WARN_QUOTED_INCLUDE_IN_FRAMEWORK_HEADER = YES;
				CLANG_WARN_RANGE_LOOP_ANALYSIS = YES;
				CLANG_WARN_STRICT_PROTOTYPES = YES;
				CLANG_WARN_SUSPICIOUS_MOVE = YES;
				CLANG_WARN_UNGUARDED_AVAILABILITY = YES_AGGRESSIVE;
				CLANG_WARN_UNREACHABLE_CODE = YES;
				CLANG_WARN__DUPLICATE_METHOD_MATCH = YES;
				COPY_PHASE_STRIP = NO;
				DEBUG_INFORMATION_FORMAT = dwarf;
				ENABLE_STRICT_OBJC_MSGSEND = YES;
				ENABLE_TESTABILITY = YES;
				GCC_C_LANGUAGE_STANDARD = gnu11;
				GCC_DYNAMIC_NO_PIC = NO;
				GCC_NO_COMMON_BLOCKS = YES;
				GCC_OPTIMIZATION_LEVEL = 0;
				GCC_PREPROCESSOR_DEFINITIONS = (
					"DEBUG=1",
					"$(inherited)",
				);
				GCC_WARN_64_TO_32_BIT_CONVERSION = YES;
				GCC_WARN_ABOUT_RETURN_TYPE = YES_ERROR;
				GCC_WARN_UNDECLARED_SELECTOR = YES;
				GCC_WARN_UNINITIALIZED_AUTOS = YES_AGGRESSIVE;
				GCC_WARN_UNUSED_FUNCTION = YES;
				GCC_WARN_UNUSED_VARIABLE = YES;
				MACOSX_DEPLOYMENT_TARGET = 11.3;
				MTL_ENABLE_DEBUG_INFO = INCLUDE_SOURCE;
				MTL_FAST_MATH = YES;
				ONLY_ACTIVE_ARCH = YES;
				SDKROOT = macosx;
				SWIFT_ACTIVE_COMPILATION_CONDITIONS = DEBUG;
				SWIFT_OPTIMIZATION_LEVEL = "-Onone";
			};
			name = Debug;
		};
		0A5DD45E26FA4C6F00A111A2 /* Release */ = {
			isa = XCBuildConfiguration;
			buildSettings = {
				ALWAYS_SEARCH_USER_PATHS = NO;
				CLANG_ANALYZER_NONNULL = YES;
				CLANG_ANALYZER_NUMBER_OBJECT_CONVERSION = YES_AGGRESSIVE;
				CLANG_CXX_LANGUAGE_STANDARD = "gnu++14";
				CLANG_CXX_LIBRARY = "libc++";
				CLANG_ENABLE_MODULES = YES;
				CLANG_ENABLE_OBJC_ARC = YES;
				CLANG_ENABLE_OBJC_WEAK = YES;
				CLANG_WARN_BLOCK_CAPTURE_AUTORELEASING = YES;
				CLANG_WARN_BOOL_CONVERSION = YES;
				CLANG_WARN_COMMA = YES;
				CLANG_WARN_CONSTANT_CONVERSION = YES;
				CLANG_WARN_DEPRECATED_OBJC_IMPLEMENTATIONS = YES;
				CLANG_WARN_DIRECT_OBJC_ISA_USAGE = YES_ERROR;
				CLANG_WARN_DOCUMENTATION_COMMENTS = YES;
				CLANG_WARN_EMPTY_BODY = YES;
				CLANG_WARN_ENUM_CONVERSION = YES;
				CLANG_WARN_INFINITE_RECURSION = YES;
				CLANG_WARN_INT_CONVERSION = YES;
				CLANG_WARN_NON_LITERAL_NULL_CONVERSION = YES;
				CLANG_WARN_OBJC_IMPLICIT_RETAIN_SELF = YES;
				CLANG_WARN_OBJC_LITERAL_CONVERSION = YES;
				CLANG_WARN_OBJC_ROOT_CLASS = YES_ERROR;
				CLANG_WARN_QUOTED_INCLUDE_IN_FRAMEWORK_HEADER = YES;
				CLANG_WARN_RANGE_LOOP_ANALYSIS = YES;
				CLANG_WARN_STRICT_PROTOTYPES = YES;
				CLANG_WARN_SUSPICIOUS_MOVE = YES;
				CLANG_WARN_UNGUARDED_AVAILABILITY = YES_AGGRESSIVE;
				CLANG_WARN_UNREACHABLE_CODE = YES;
				CLANG_WARN__DUPLICATE_METHOD_MATCH = YES;
				COPY_PHASE_STRIP = NO;
				DEBUG_INFORMATION_FORMAT = "dwarf-with-dsym";
				ENABLE_NS_ASSERTIONS = NO;
				ENABLE_STRICT_OBJC_MSGSEND = YES;
				GCC_C_LANGUAGE_STANDARD = gnu11;
				GCC_NO_COMMON_BLOCKS = YES;
				GCC_WARN_64_TO_32_BIT_CONVERSION = YES;
				GCC_WARN_ABOUT_RETURN_TYPE = YES_ERROR;
				GCC_WARN_UNDECLARED_SELECTOR = YES;
				GCC_WARN_UNINITIALIZED_AUTOS = YES_AGGRESSIVE;
				GCC_WARN_UNUSED_FUNCTION = YES;
				GCC_WARN_UNUSED_VARIABLE = YES;
				MACOSX_DEPLOYMENT_TARGET = 11.3;
				MTL_ENABLE_DEBUG_INFO = NO;
				MTL_FAST_MATH = YES;
				SDKROOT = macosx;
				SWIFT_COMPILATION_MODE = wholemodule;
				SWIFT_OPTIMIZATION_LEVEL = "-O";
			};
			name = Release;
		};
		0A5DD46026FA4C6F00A111A2 /* Debug */ = {
			isa = XCBuildConfiguration;
			buildSettings = {
				CODE_SIGN_ENTITLEMENTS = "DarkCoffee Extension/DarkCoffee_Extension.entitlements";
				CODE_SIGN_STYLE = Automatic;
				DEVELOPMENT_TEAM = 9937MYTBBA;
				ENABLE_HARDENED_RUNTIME = YES;
				INFOPLIST_FILE = "DarkCoffee Extension/Info.plist";
				LD_RUNPATH_SEARCH_PATHS = (
					"$(inherited)",
					"@executable_path/../Frameworks",
					"@executable_path/../../../../Frameworks",
				);
				PRODUCT_BUNDLE_IDENTIFIER = org.tabbycatllc.DarkCoffee.Extension;
				PRODUCT_NAME = "$(TARGET_NAME)";
				SKIP_INSTALL = YES;
				SWIFT_VERSION = 5.0;
			};
			name = Debug;
		};
		0A5DD46126FA4C6F00A111A2 /* Release */ = {
			isa = XCBuildConfiguration;
			buildSettings = {
				CODE_SIGN_ENTITLEMENTS = "DarkCoffee Extension/DarkCoffee_Extension.entitlements";
				CODE_SIGN_STYLE = Automatic;
				DEVELOPMENT_TEAM = 9937MYTBBA;
				ENABLE_HARDENED_RUNTIME = YES;
				INFOPLIST_FILE = "DarkCoffee Extension/Info.plist";
				LD_RUNPATH_SEARCH_PATHS = (
					"$(inherited)",
					"@executable_path/../Frameworks",
					"@executable_path/../../../../Frameworks",
				);
				PRODUCT_BUNDLE_IDENTIFIER = org.tabbycatllc.DarkCoffee.Extension;
				PRODUCT_NAME = "$(TARGET_NAME)";
				SKIP_INSTALL = YES;
				SWIFT_VERSION = 5.0;
			};
			name = Release;
		};
		0A5DD46426FA4C6F00A111A2 /* Debug */ = {
			isa = XCBuildConfiguration;
			buildSettings = {
				ALWAYS_EMBED_SWIFT_STANDARD_LIBRARIES = YES;
				ASSETCATALOG_COMPILER_APPICON_NAME = AppIcon;
				ASSETCATALOG_COMPILER_GLOBAL_ACCENT_COLOR_NAME = AccentColor;
				CODE_SIGN_ENTITLEMENTS = DarkCoffee/DarkCoffee.entitlements;
				CODE_SIGN_STYLE = Automatic;
				COMBINE_HIDPI_IMAGES = YES;
				DEVELOPMENT_TEAM = 9937MYTBBA;
				ENABLE_HARDENED_RUNTIME = YES;
				INFOPLIST_FILE = DarkCoffee/Info.plist;
				LD_RUNPATH_SEARCH_PATHS = (
					"$(inherited)",
					"@executable_path/../Frameworks",
				);
				MACOSX_DEPLOYMENT_TARGET = 10.14;
				PRODUCT_BUNDLE_IDENTIFIER = org.tabbycatllc.DarkCoffee;
				PRODUCT_NAME = "$(TARGET_NAME)";
				SWIFT_VERSION = 5.0;
			};
			name = Debug;
		};
		0A5DD46526FA4C6F00A111A2 /* Release */ = {
			isa = XCBuildConfiguration;
			buildSettings = {
				ALWAYS_EMBED_SWIFT_STANDARD_LIBRARIES = YES;
				ASSETCATALOG_COMPILER_APPICON_NAME = AppIcon;
				ASSETCATALOG_COMPILER_GLOBAL_ACCENT_COLOR_NAME = AccentColor;
				CODE_SIGN_ENTITLEMENTS = DarkCoffee/DarkCoffee.entitlements;
				CODE_SIGN_STYLE = Automatic;
				COMBINE_HIDPI_IMAGES = YES;
				DEVELOPMENT_TEAM = 9937MYTBBA;
				ENABLE_HARDENED_RUNTIME = YES;
				INFOPLIST_FILE = DarkCoffee/Info.plist;
				LD_RUNPATH_SEARCH_PATHS = (
					"$(inherited)",
					"@executable_path/../Frameworks",
				);
				MACOSX_DEPLOYMENT_TARGET = 10.14;
				PRODUCT_BUNDLE_IDENTIFIER = org.tabbycatllc.DarkCoffee;
				PRODUCT_NAME = "$(TARGET_NAME)";
				SWIFT_VERSION = 5.0;
			};
			name = Release;
		};
/* End XCBuildConfiguration section */

/* Begin XCConfigurationList section */
		0A5DD43026FA4C6D00A111A2 /* Build configuration list for PBXProject "DarkCoffee" */ = {
			isa = XCConfigurationList;
			buildConfigurations = (
				0A5DD45D26FA4C6F00A111A2 /* Debug */,
				0A5DD45E26FA4C6F00A111A2 /* Release */,
			);
			defaultConfigurationIsVisible = 0;
			defaultConfigurationName = Release;
		};
		0A5DD45F26FA4C6F00A111A2 /* Build configuration list for PBXNativeTarget "DarkCoffee Extension" */ = {
			isa = XCConfigurationList;
			buildConfigurations = (
				0A5DD46026FA4C6F00A111A2 /* Debug */,
				0A5DD46126FA4C6F00A111A2 /* Release */,
			);
			defaultConfigurationIsVisible = 0;
			defaultConfigurationName = Release;
		};
		0A5DD46326FA4C6F00A111A2 /* Build configuration list for PBXNativeTarget "DarkCoffee" */ = {
			isa = XCConfigurationList;
			buildConfigurations = (
				0A5DD46426FA4C6F00A111A2 /* Debug */,
				0A5DD46526FA4C6F00A111A2 /* Release */,
			);
			defaultConfigurationIsVisible = 0;
			defaultConfigurationName = Release;
		};
/* End XCConfigurationList section */
	};
	rootObject = 0A5DD42D26FA4C6D00A111A2 /* Project object */;
}
